
Microsoft Visual Studio Solution File, Format Version 12.00
# Visual Studio Version 17
VisualStudioVersion = 17.5.002.0
MinimumVisualStudioVersion = 10.0.40219.1
Project("{9A19103F-16F7-4668-BE54-9A1E7A4F7556}") = "Felveteli", "Felveteli.csproj", "{16FE4295-C053-492F-A1B6-06657F38A876}"
EndProject
Global
	GlobalSection(SolutionConfigurationPlatforms) = preSolution
		Debug|Any CPU = Debug|Any CPU
		Release|Any CPU = Release|Any CPU
	EndGlobalSection
	GlobalSection(ProjectConfigurationPlatforms) = postSolution
		{16FE4295-C053-492F-A1B6-06657F38A876}.Debug|Any CPU.ActiveCfg = Debug|Any CPU
		{16FE4295-C053-492F-A1B6-06657F38A876}.Debug|Any CPU.Build.0 = Debug|Any CPU
		{16FE4295-C053-492F-A1B6-06657F38A876}.Release|Any CPU.ActiveCfg = Release|Any CPU
		{16FE4295-C053-492F-A1B6-06657F38A876}.Release|Any CPU.Build.0 = Release|Any CPU
	EndGlobalSection
	GlobalSection(SolutionProperties) = preSolution
		HideSolutionNode = FALSE
	EndGlobalSection
	GlobalSection(ExtensibilityGlobals) = postSolution
		SolutionGuid = {9FED7BF3-7F93-48E1-B7F0-E61819AA1278}
	EndGlobalSection
EndGlobal
